// !$*UTF8*$!
{
	archiveVersion = 1;
	classes = {
	};
	objectVersion = 46;
	objects = {

/* Begin PBXBuildFile section */
		4AA7ADE11BF72777006E4D88 /* main.m in Sources */ = {isa = PBXBuildFile; fileRef = 4AA7ADE01BF72777006E4D88 /* main.m */; };
		4AA7ADE41BF72777006E4D88 /* AppDelegate.m in Sources */ = {isa = PBXBuildFile; fileRef = 4AA7ADE31BF72777006E4D88 /* AppDelegate.m */; };
		4AA7ADEC1BF72777006E4D88 /* Assets.xcassets in Resources */ = {isa = PBXBuildFile; fileRef = 4AA7ADEB1BF72777006E4D88 /* Assets.xcassets */; };
		4AA7ADEF1BF72777006E4D88 /* LaunchScreen.storyboard in Resources */ = {isa = PBXBuildFile; fileRef = 4AA7ADED1BF72777006E4D88 /* LaunchScreen.storyboard */; };
		4AA7ADFC1BF72A63006E4D88 /* MapPathViewController.m in Sources */ = {isa = PBXBuildFile; fileRef = 4AA7ADFB1BF72A63006E4D88 /* MapPathViewController.m */; };
		4AA7AE0E1BF72D8E006E4D88 /* Fix.m in Sources */ = {isa = PBXBuildFile; fileRef = 4AA7AE001BF72D8E006E4D88 /* Fix.m */; };
		4AA7AE0F1BF72D8E006E4D88 /* GPX.m in Sources */ = {isa = PBXBuildFile; fileRef = 4AA7AE021BF72D8E006E4D88 /* GPX.m */; };
		4AA7AE101BF72D8E006E4D88 /* Track.m in Sources */ = {isa = PBXBuildFile; fileRef = 4AA7AE041BF72D8E006E4D88 /* Track.m */; };
		4AA7AE111BF72D8E006E4D88 /* Waypoint.m in Sources */ = {isa = PBXBuildFile; fileRef = 4AA7AE061BF72D8E006E4D88 /* Waypoint.m */; };
		4AA7AE121BF72D8E006E4D88 /* GPXParser.m in Sources */ = {isa = PBXBuildFile; fileRef = 4AA7AE091BF72D8E006E4D88 /* GPXParser.m */; };
		4AA7AE131BF72D8E006E4D88 /* Parser.m in Sources */ = {isa = PBXBuildFile; fileRef = 4AA7AE0B1BF72D8E006E4D88 /* Parser.m */; };
		4AA7AE141BF72D8E006E4D88 /* TCXParser.m in Sources */ = {isa = PBXBuildFile; fileRef = 4AA7AE0D1BF72D8E006E4D88 /* TCXParser.m */; };
		4AA7AE171BF72EBE006E4D88 /* demo.gpx in Resources */ = {isa = PBXBuildFile; fileRef = 4AA7AE161BF72EBE006E4D88 /* demo.gpx */; };
/* End PBXBuildFile section */

/* Begin PBXFileReference section */
		4AA7ADDC1BF72777006E4D88 /* GpxPathDemo.app */ = {isa = PBXFileReference; explicitFileType = wrapper.application; includeInIndex = 0; path = GpxPathDemo.app; sourceTree = BUILT_PRODUCTS_DIR; };
		4AA7ADE01BF72777006E4D88 /* main.m */ = {isa = PBXFileReference; lastKnownFileType = sourcecode.c.objc; path = main.m; sourceTree = "<group>"; };
		4AA7ADE21BF72777006E4D88 /* AppDelegate.h */ = {isa = PBXFileReference; lastKnownFileType = sourcecode.c.h; path = AppDelegate.h; sourceTree = "<group>"; };
		4AA7ADE31BF72777006E4D88 /* AppDelegate.m */ = {isa = PBXFileReference; lastKnownFileType = sourcecode.c.objc; path = AppDelegate.m; sourceTree = "<group>"; };
		4AA7ADEB1BF72777006E4D88 /* Assets.xcassets */ = {isa = PBXFileReference; lastKnownFileType = folder.assetcatalog; path = Assets.xcassets; sourceTree = "<group>"; };
		4AA7ADEE1BF72777006E4D88 /* Base */ = {isa = PBXFileReference; lastKnownFileType = file.storyboard; name = Base; path = Base.lproj/LaunchScreen.storyboard; sourceTree = "<group>"; };
		4AA7ADF01BF72777006E4D88 /* Info.plist */ = {isa = PBXFileReference; lastKnownFileType = text.plist.xml; path = Info.plist; sourceTree = "<group>"; };
		4AA7ADFA1BF72A63006E4D88 /* MapPathViewController.h */ = {isa = PBXFileReference; fileEncoding = 4; lastKnownFileType = sourcecode.c.h; path = MapPathViewController.h; sourceTree = "<group>"; };
		4AA7ADFB1BF72A63006E4D88 /* MapPathViewController.m */ = {isa = PBXFileReference; fileEncoding = 4; lastKnownFileType = sourcecode.c.objc; path = MapPathViewController.m; sourceTree = "<group>"; };
		4AA7ADFF1BF72D8E006E4D88 /* Fix.h */ = {isa = PBXFileReference; fileEncoding = 4; lastKnownFileType = sourcecode.c.h; path = Fix.h; sourceTree = "<group>"; };
		4AA7AE001BF72D8E006E4D88 /* Fix.m */ = {isa = PBXFileReference; fileEncoding = 4; lastKnownFileType = sourcecode.c.objc; path = Fix.m; sourceTree = "<group>"; };
		4AA7AE011BF72D8E006E4D88 /* GPX.h */ = {isa = PBXFileReference; fileEncoding = 4; lastKnownFileType = sourcecode.c.h; path = GPX.h; sourceTree = "<group>"; };
		4AA7AE021BF72D8E006E4D88 /* GPX.m */ = {isa = PBXFileReference; fileEncoding = 4; lastKnownFileType = sourcecode.c.objc; path = GPX.m; sourceTree = "<group>"; };
		4AA7AE031BF72D8E006E4D88 /* Track.h */ = {isa = PBXFileReference; fileEncoding = 4; lastKnownFileType = sourcecode.c.h; path = Track.h; sourceTree = "<group>"; };
		4AA7AE041BF72D8E006E4D88 /* Track.m */ = {isa = PBXFileReference; fileEncoding = 4; lastKnownFileType = sourcecode.c.objc; path = Track.m; sourceTree = "<group>"; };
		4AA7AE051BF72D8E006E4D88 /* Waypoint.h */ = {isa = PBXFileReference; fileEncoding = 4; lastKnownFileType = sourcecode.c.h; path = Waypoint.h; sourceTree = "<group>"; };
		4AA7AE061BF72D8E006E4D88 /* Waypoint.m */ = {isa = PBXFileReference; fileEncoding = 4; lastKnownFileType = sourcecode.c.objc; path = Waypoint.m; sourceTree = "<group>"; };
		4AA7AE081BF72D8E006E4D88 /* GPXParser.h */ = {isa = PBXFileReference; fileEncoding = 4; lastKnownFileType = sourcecode.c.h; path = GPXParser.h; sourceTree = "<group>"; };
		4AA7AE091BF72D8E006E4D88 /* GPXParser.m */ = {isa = PBXFileReference; fileEncoding = 4; lastKnownFileType = sourcecode.c.objc; path = GPXParser.m; sourceTree = "<group>"; };
		4AA7AE0A1BF72D8E006E4D88 /* Parser.h */ = {isa = PBXFileReference; fileEncoding = 4; lastKnownFileType = sourcecode.c.h; path = Parser.h; sourceTree = "<group>"; };
		4AA7AE0B1BF72D8E006E4D88 /* Parser.m */ = {isa = PBXFileReference; fileEncoding = 4; lastKnownFileType = sourcecode.c.objc; path = Parser.m; sourceTree = "<group>"; };
		4AA7AE0C1BF72D8E006E4D88 /* TCXParser.h */ = {isa = PBXFileReference; fileEncoding = 4; lastKnownFileType = sourcecode.c.h; path = TCXParser.h; sourceTree = "<group>"; };
		4AA7AE0D1BF72D8E006E4D88 /* TCXParser.m */ = {isa = PBXFileReference; fileEncoding = 4; lastKnownFileType = sourcecode.c.objc; path = TCXParser.m; sourceTree = "<group>"; };
		4AA7AE161BF72EBE006E4D88 /* demo.gpx */ = {isa = PBXFileReference; fileEncoding = 4; lastKnownFileType = text.xml; path = demo.gpx; sourceTree = "<group>"; };
/* End PBXFileReference section */

/* Begin PBXFrameworksBuildPhase section */
		4AA7ADD91BF72777006E4D88 /* Frameworks */ = {
			isa = PBXFrameworksBuildPhase;
			buildActionMask = 2147483647;
			files = (
			);
			runOnlyForDeploymentPostprocessing = 0;
		};
/* End PBXFrameworksBuildPhase section */

/* Begin PBXGroup section */
		4AA7ADD31BF72777006E4D88 = {
			isa = PBXGroup;
			children = (
				4AA7AE161BF72EBE006E4D88 /* demo.gpx */,
				4AA7ADF61BF72812006E4D88 /* ViewC */,
				4AA7ADFD1BF72D8E006E4D88 /* GPXParser */,
				4AA7ADDE1BF72777006E4D88 /* GpxPathDemo */,
				4AA7ADDD1BF72777006E4D88 /* Products */,
			);
			sourceTree = "<group>";
		};
		4AA7ADDD1BF72777006E4D88 /* Products */ = {
			isa = PBXGroup;
			children = (
				4AA7ADDC1BF72777006E4D88 /* GpxPathDemo.app */,
			);
			name = Products;
			sourceTree = "<group>";
		};
		4AA7ADDE1BF72777006E4D88 /* GpxPathDemo */ = {
			isa = PBXGroup;
			children = (
				4AA7ADE21BF72777006E4D88 /* AppDelegate.h */,
				4AA7ADE31BF72777006E4D88 /* AppDelegate.m */,
				4AA7ADEB1BF72777006E4D88 /* Assets.xcassets */,
				4AA7ADED1BF72777006E4D88 /* LaunchScreen.storyboard */,
				4AA7ADF01BF72777006E4D88 /* Info.plist */,
				4AA7ADDF1BF72777006E4D88 /* Supporting Files */,
			);
			path = GpxPathDemo;
			sourceTree = "<group>";
		};
		4AA7ADDF1BF72777006E4D88 /* Supporting Files */ = {
			isa = PBXGroup;
			children = (
				4AA7ADE01BF72777006E4D88 /* main.m */,
			);
			name = "Supporting Files";
			sourceTree = "<group>";
		};
		4AA7ADF61BF72812006E4D88 /* ViewC */ = {
			isa = PBXGroup;
			children = (
				4AA7ADFA1BF72A63006E4D88 /* MapPathViewController.h */,
				4AA7ADFB1BF72A63006E4D88 /* MapPathViewController.m */,
			);
			name = ViewC;
			sourceTree = "<group>";
		};
		4AA7ADFD1BF72D8E006E4D88 /* GPXParser */ = {
			isa = PBXGroup;
			children = (
				4AA7ADFE1BF72D8E006E4D88 /* Models */,
				4AA7AE071BF72D8E006E4D88 /* Parsers */,
			);
			path = GPXParser;
			sourceTree = "<group>";
		};
		4AA7ADFE1BF72D8E006E4D88 /* Models */ = {
			isa = PBXGroup;
			children = (
				4AA7ADFF1BF72D8E006E4D88 /* Fix.h */,
				4AA7AE001BF72D8E006E4D88 /* Fix.m */,
				4AA7AE011BF72D8E006E4D88 /* GPX.h */,
				4AA7AE021BF72D8E006E4D88 /* GPX.m */,
				4AA7AE031BF72D8E006E4D88 /* Track.h */,
				4AA7AE041BF72D8E006E4D88 /* Track.m */,
				4AA7AE051BF72D8E006E4D88 /* Waypoint.h */,
				4AA7AE061BF72D8E006E4D88 /* Waypoint.m */,
			);
			path = Models;
			sourceTree = "<group>";
		};
		4AA7AE071BF72D8E006E4D88 /* Parsers */ = {
			isa = PBXGroup;
			children = (
				4AA7AE081BF72D8E006E4D88 /* GPXParser.h */,
				4AA7AE091BF72D8E006E4D88 /* GPXParser.m */,
				4AA7AE0A1BF72D8E006E4D88 /* Parser.h */,
				4AA7AE0B1BF72D8E006E4D88 /* Parser.m */,
				4AA7AE0C1BF72D8E006E4D88 /* TCXParser.h */,
				4AA7AE0D1BF72D8E006E4D88 /* TCXParser.m */,
			);
			path = Parsers;
			sourceTree = "<group>";
		};
/* End PBXGroup section */

/* Begin PBXNativeTarget section */
		4AA7ADDB1BF72777006E4D88 /* GpxPathDemo */ = {
			isa = PBXNativeTarget;
			buildConfigurationList = 4AA7ADF31BF72777006E4D88 /* Build configuration list for PBXNativeTarget "GpxPathDemo" */;
			buildPhases = (
				4AA7ADD81BF72777006E4D88 /* Sources */,
				4AA7ADD91BF72777006E4D88 /* Frameworks */,
				4AA7ADDA1BF72777006E4D88 /* Resources */,
			);
			buildRules = (
			);
			dependencies = (
			);
			name = GpxPathDemo;
			productName = GpxPathDemo;
			productReference = 4AA7ADDC1BF72777006E4D88 /* GpxPathDemo.app */;
			productType = "com.apple.product-type.application";
		};
/* End PBXNativeTarget section */

/* Begin PBXProject section */
		4AA7ADD41BF72777006E4D88 /* Project object */ = {
			isa = PBXProject;
			attributes = {
				LastUpgradeCheck = 0710;
				ORGANIZATIONNAME = lyl;
				TargetAttributes = {
					4AA7ADDB1BF72777006E4D88 = {
						CreatedOnToolsVersion = 7.1.1;
						DevelopmentTeam = 8BSZ4BRP63;
					};
				};
			};
			buildConfigurationList = 4AA7ADD71BF72777006E4D88 /* Build configuration list for PBXProject "GpxPathDemo" */;
			compatibilityVersion = "Xcode 3.2";
			developmentRegion = English;
			hasScannedForEncodings = 0;
			knownRegions = (
				en,
				Base,
			);
			mainGroup = 4AA7ADD31BF72777006E4D88;
			productRefGroup = 4AA7ADDD1BF72777006E4D88 /* Products */;
			projectDirPath = "";
			projectRoot = "";
			targets = (
				4AA7ADDB1BF72777006E4D88 /* GpxPathDemo */,
			);
		};
/* End PBXProject section */

/* Begin PBXResourcesBuildPhase section */
		4AA7ADDA1BF72777006E4D88 /* Resources */ = {
			isa = PBXResourcesBuildPhase;
			buildActionMask = 2147483647;
			files = (
				4AA7ADEF1BF72777006E4D88 /* LaunchScreen.storyboard in Resources */,
				4AA7ADEC1BF72777006E4D88 /* Assets.xcassets in Resources */,
				4AA7AE171BF72EBE006E4D88 /* demo.gpx in Resources */,
			);
			runOnlyForDeploymentPostprocessing = 0;
		};
/* End PBXResourcesBuildPhase section */

/* Begin PBXSourcesBuildPhase section */
		4AA7ADD81BF72777006E4D88 /* Sources */ = {
			isa = PBXSourcesBuildPhase;
			buildActionMask = 2147483647;
			files = (
				4AA7ADFC1BF72A63006E4D88 /* MapPathViewController.m in Sources */,
				4AA7AE111BF72D8E006E4D88 /* Waypoint.m in Sources */,
				4AA7AE121BF72D8E006E4D88 /* GPXParser.m in Sources */,
				4AA7ADE41BF72777006E4D88 /* AppDelegate.m in Sources */,
				4AA7AE0F1BF72D8E006E4D88 /* GPX.m in Sources */,
				4AA7AE101BF72D8E006E4D88 /* Track.m in Sources */,
				4AA7AE141BF72D8E006E4D88 /* TCXParser.m in Sources */,
				4AA7ADE11BF72777006E4D88 /* main.m in Sources */,
				4AA7AE131BF72D8E006E4D88 /* Parser.m in Sources */,
				4AA7AE0E1BF72D8E006E4D88 /* Fix.m in Sources */,
			);
			runOnlyForDeploymentPostprocessing = 0;
		};
/* End PBXSourcesBuildPhase section */

/* Begin PBXVariantGroup section */
		4AA7ADED1BF72777006E4D88 /* LaunchScreen.storyboard */ = {
			isa = PBXVariantGroup;
			children = (
				4AA7ADEE1BF72777006E4D88 /* Base */,
			);
			name = LaunchScreen.storyboard;
			sourceTree = "<group>";
		};
/* End PBXVariantGroup section */

/* Begin XCBuildConfiguration section */
		4AA7ADF11BF72777006E4D88 /* Debug */ = {
			isa = XCBuildConfiguration;
			buildSettings = {
				ALWAYS_SEARCH_USER_PATHS = NO;
				CLANG_CXX_LANGUAGE_STANDARD = "gnu++0x";
				CLANG_CXX_LIBRARY = "libc++";
				CLANG_ENABLE_MODULES = YES;
				CLANG_ENABLE_OBJC_ARC = YES;
				CLANG_WARN_BOOL_CONVERSION = YES;
				CLANG_WARN_CONSTANT_CONVERSION = YES;
				CLANG_WARN_DIRECT_OBJC_ISA_USAGE = YES_ERROR;
				CLANG_WARN_EMPTY_BODY = YES;
				CLANG_WARN_ENUM_CONVERSION = YES;
				CLANG_WARN_INT_CONVERSION = YES;
				CLANG_WARN_OBJC_ROOT_CLASS = YES_ERROR;
				CLANG_WARN_UNREACHABLE_CODE = YES;
				CLANG_WARN__DUPLICATE_METHOD_MATCH = YES;
				CODE_SIGN_IDENTITY = "iPhone Developer";
				"CODE_SIGN_IDENTITY[sdk=iphoneos*]" = "iPhone Developer";
				COPY_PHASE_STRIP = NO;
				DEBUG_INFORMATION_FORMAT = dwarf;
				ENABLE_STRICT_OBJC_MSGSEND = YES;
				ENABLE_TESTABILITY = YES;
				GCC_C_LANGUAGE_STANDARD = gnu99;
				GCC_DYNAMIC_NO_PIC = NO;
				GCC_NO_COMMON_BLOCKS = YES;
				GCC_OPTIMIZATION_LEVEL = 0;
				GCC_PREPROCESSOR_DEFINITIONS = (
					"DEBUG=1",
					"$(inherited)",
				);
				GCC_WARN_64_TO_32_BIT_CONVERSION = YES;
				GCC_WARN_ABOUT_RETURN_TYPE = YES_ERROR;
				GCC_WARN_UNDECLARED_SELECTOR = YES;
				GCC_WARN_UNINITIALIZED_AUTOS = YES_AGGRESSIVE;
				GCC_WARN_UNUSED_FUNCTION = YES;
				GCC_WARN_UNUSED_VARIABLE = YES;
				IPHONEOS_DEPLOYMENT_TARGET = 9.1;
				MTL_ENABLE_DEBUG_INFO = YES;
				ONLY_ACTIVE_ARCH = YES;
				SDKROOT = iphoneos;
			};
			name = Debug;
		};
		4AA7ADF21BF72777006E4D88 /* Release */ = {
			isa = XCBuildConfiguration;
			buildSettings = {
				ALWAYS_SEARCH_USER_PATHS = NO;
				CLANG_CXX_LANGUAGE_STANDARD = "gnu++0x";
				CLANG_CXX_LIBRARY = "libc++";
				CLANG_ENABLE_MODULES = YES;
				CLANG_ENABLE_OBJC_ARC = YES;
				CLANG_WARN_BOOL_CONVERSION = YES;
				CLANG_WARN_CONSTANT_CONVERSION = YES;
				CLANG_WARN_DIRECT_OBJC_ISA_USAGE = YES_ERROR;
				CLANG_WARN_EMPTY_BODY = YES;
				CLANG_WARN_ENUM_CONVERSION = YES;
				CLANG_WARN_INT_CONVERSION = YES;
				CLANG_WARN_OBJC_ROOT_CLASS = YES_ERROR;
				CLANG_WARN_UNREACHABLE_CODE = YES;
				CLANG_WARN__DUPLICATE_METHOD_MATCH = YES;
				CODE_SIGN_IDENTITY = "iPhone Developer";
				"CODE_SIGN_IDENTITY[sdk=iphoneos*]" = "iPhone Developer";
				COPY_PHASE_STRIP = NO;
				DEBUG_INFORMATION_FORMAT = "dwarf-with-dsym";
				ENABLE_NS_ASSERTIONS = NO;
				ENABLE_STRICT_OBJC_MSGSEND = YES;
				GCC_C_LANGUAGE_STANDARD = gnu99;
				GCC_NO_COMMON_BLOCKS = YES;
				GCC_WARN_64_TO_32_BIT_CONVERSION = YES;
				GCC_WARN_ABOUT_RETURN_TYPE = YES_ERROR;
				GCC_WARN_UNDECLARED_SELECTOR = YES;
				GCC_WARN_UNINITIALIZED_AUTOS = YES_AGGRESSIVE;
				GCC_WARN_UNUSED_FUNCTION = YES;
				GCC_WARN_UNUSED_VARIABLE = YES;
				IPHONEOS_DEPLOYMENT_TARGET = 9.1;
				MTL_ENABLE_DEBUG_INFO = NO;
				SDKROOT = iphoneos;
				VALIDATE_PRODUCT = YES;
			};
			name = Release;
		};
		4AA7ADF41BF72777006E4D88 /* Debug */ = {
			isa = XCBuildConfiguration;
			buildSettings = {
				ASSETCATALOG_COMPILER_APPICON_NAME = AppIcon;
				CODE_SIGN_IDENTITY = "iPhone Developer";
				INFOPLIST_FILE = GpxPathDemo/Info.plist;
				LD_RUNPATH_SEARCH_PATHS = "$(inherited) @executable_path/Frameworks";
				PRODUCT_BUNDLE_IDENTIFIER = com.lyl.GpxPathDemo;
				PRODUCT_NAME = "$(TARGET_NAME)";
			};
			name = Debug;
		};
		4AA7ADF51BF72777006E4D88 /* Release */ = {
			isa = XCBuildConfiguration;
			buildSettings = {
				ASSETCATALOG_COMPILER_APPICON_NAME = AppIcon;
				CODE_SIGN_IDENTITY = "iPhone Developer";
				INFOPLIST_FILE = GpxPathDemo/Info.plist;
				LD_RUNPATH_SEARCH_PATHS = "$(inherited) @executable_path/Frameworks";
				PRODUCT_BUNDLE_IDENTIFIER = com.lyl.GpxPathDemo;
				PRODUCT_NAME = "$(TARGET_NAME)";
			};
			name = Release;
		};
/* End XCBuildConfiguration section */

/* Begin XCConfigurationList section */
		4AA7ADD71BF72777006E4D88 /* Build configuration list for PBXProject "GpxPathDemo" */ = {
			isa = XCConfigurationList;
			buildConfigurations = (
				4AA7ADF11BF72777006E4D88 /* Debug */,
				4AA7ADF21BF72777006E4D88 /* Release */,
			);
			defaultConfigurationIsVisible = 0;
			defaultConfigurationName = Release;
		};
		4AA7ADF31BF72777006E4D88 /* Build configuration list for PBXNativeTarget "GpxPathDemo" */ = {
			isa = XCConfigurationList;
			buildConfigurations = (
				4AA7ADF41BF72777006E4D88 /* Debug */,
				4AA7ADF51BF72777006E4D88 /* Release */,
			);
			defaultConfigurationIsVisible = 0;
			defaultConfigurationName = Release;
		};
/* End XCConfigurationList section */
	};
	rootObject = 4AA7ADD41BF72777006E4D88 /* Project object */;
}
